
Microsoft Visual Studio Solution File, Format Version 12.00
# Visual Studio Version 16
VisualStudioVersion = 16.0.29306.81
MinimumVisualStudioVersion = 10.0.40219.1
Project("{FAE04EC0-301F-11D3-BF4B-00C04F79EFBC}") = "robertJanjaninPetlje", "robertJanjaninPetlje\robertJanjaninPetlje.csproj", "{889D9134-990E-4874-BEB9-493CAE3EEBB5}"
EndProject
Global
	GlobalSection(SolutionConfigurationPlatforms) = preSolution
		Debug|Any CPU = Debug|Any CPU
		Release|Any CPU = Release|Any CPU
	EndGlobalSection
	GlobalSection(ProjectConfigurationPlatforms) = postSolution
		{889D9134-990E-4874-BEB9-493CAE3EEBB5}.Debug|Any CPU.ActiveCfg = Debug|Any CPU
		{889D9134-990E-4874-BEB9-493CAE3EEBB5}.Debug|Any CPU.Build.0 = Debug|Any CPU
		{889D9134-990E-4874-BEB9-493CAE3EEBB5}.Release|Any CPU.ActiveCfg = Release|Any CPU
		{889D9134-990E-4874-BEB9-493CAE3EEBB5}.Release|Any CPU.Build.0 = Release|Any CPU
	EndGlobalSection
	GlobalSection(SolutionProperties) = preSolution
		HideSolutionNode = FALSE
	EndGlobalSection
	GlobalSection(ExtensibilityGlobals) = postSolution
		SolutionGuid = {D1B56C80-8627-4948-A90D-38FEDE07A547}
	EndGlobalSection
EndGlobal
